// !$*UTF8*$!
{
	archiveVersion = 1;
	classes = {
	};
	objectVersion = 50;
	objects = {

/* Begin PBXBuildFile section */
		540246AC269AFCD900482F11 /* CoreDataFeedStoreTests.swift in Sources */ = {isa = PBXBuildFile; fileRef = 540246AB269AFCD900482F11 /* CoreDataFeedStoreTests.swift */; };
		540D826F267B928D005C9BB1 /* CacheFeedUseCaseTests.swift in Sources */ = {isa = PBXBuildFile; fileRef = 540D826E267B928D005C9BB1 /* CacheFeedUseCaseTests.swift */; };
		540D82D5267EE99B005C9BB1 /* LocalFeedLoader.swift in Sources */ = {isa = PBXBuildFile; fileRef = 540D82D4267EE99B005C9BB1 /* LocalFeedLoader.swift */; };
		540D82E5267F2F61005C9BB1 /* RemoteFeedItem.swift in Sources */ = {isa = PBXBuildFile; fileRef = 540D82E4267F2F61005C9BB1 /* RemoteFeedItem.swift */; };
		540D8305267F30B8005C9BB1 /* LocalFeedImage.swift in Sources */ = {isa = PBXBuildFile; fileRef = 540D82EA267F2FB5005C9BB1 /* LocalFeedImage.swift */; };
		540D8319267F3158005C9BB1 /* FeedImage.swift in Sources */ = {isa = PBXBuildFile; fileRef = 5485F38A2661F9F800AD4E26 /* FeedImage.swift */; };
		540D8339267F7D51005C9BB1 /* XCTestCase+MemoryLeakTracking.swift in Sources */ = {isa = PBXBuildFile; fileRef = 5436307C266C94620003656E /* XCTestCase+MemoryLeakTracking.swift */; };
		540D833D267F7D51005C9BB1 /* XCTestCase+MemoryLeakTracking.swift in Sources */ = {isa = PBXBuildFile; fileRef = 5436307C266C94620003656E /* XCTestCase+MemoryLeakTracking.swift */; };
		540D8347267F7D7F005C9BB1 /* LoadFeedFromCacheUseCaseTests.swift in Sources */ = {isa = PBXBuildFile; fileRef = 540D831D267F7B0C005C9BB1 /* LoadFeedFromCacheUseCaseTests.swift */; };
		54295DE7266D2CF6004A5A76 /* URLSessionHTTPClient.swift in Sources */ = {isa = PBXBuildFile; fileRef = 54295DE6266D2CF6004A5A76 /* URLSessionHTTPClient.swift */; };
		546D062D268E1080005E83EB /* FeedCachePolicy.swift in Sources */ = {isa = PBXBuildFile; fileRef = 546D062C268E1080005E83EB /* FeedCachePolicy.swift */; };
		546D063826904540005E83EB /* CodableFeedStoreTests.swift in Sources */ = {isa = PBXBuildFile; fileRef = 546D063726904540005E83EB /* CodableFeedStoreTests.swift */; };
		546D064C26915535005E83EB /* CodableFeedStore.swift in Sources */ = {isa = PBXBuildFile; fileRef = 546D064B26915535005E83EB /* CodableFeedStore.swift */; };
		546D065126917D9A005E83EB /* FeedStoreSpecs.swift in Sources */ = {isa = PBXBuildFile; fileRef = 546D065026917D9A005E83EB /* FeedStoreSpecs.swift */; };
		546D065626917E56005E83EB /* XCTestCase+FeedStoreSpecs.swift in Sources */ = {isa = PBXBuildFile; fileRef = 546D065526917E56005E83EB /* XCTestCase+FeedStoreSpecs.swift */; };
		5485F3422661F82600AD4E26 /* AppDelegate.swift in Sources */ = {isa = PBXBuildFile; fileRef = 5485F3412661F82600AD4E26 /* AppDelegate.swift */; };
		5485F3442661F82600AD4E26 /* SceneDelegate.swift in Sources */ = {isa = PBXBuildFile; fileRef = 5485F3432661F82600AD4E26 /* SceneDelegate.swift */; };
		5485F3462661F82600AD4E26 /* ViewController.swift in Sources */ = {isa = PBXBuildFile; fileRef = 5485F3452661F82600AD4E26 /* ViewController.swift */; };
		5485F3492661F82700AD4E26 /* Main.storyboard in Resources */ = {isa = PBXBuildFile; fileRef = 5485F3472661F82600AD4E26 /* Main.storyboard */; };
		5485F34B2661F82700AD4E26 /* Assets.xcassets in Resources */ = {isa = PBXBuildFile; fileRef = 5485F34A2661F82700AD4E26 /* Assets.xcassets */; };
		5485F34E2661F82700AD4E26 /* LaunchScreen.storyboard in Resources */ = {isa = PBXBuildFile; fileRef = 5485F34C2661F82700AD4E26 /* LaunchScreen.storyboard */; };
		5485F38D2661F9F800AD4E26 /* FeedLoder.swift in Sources */ = {isa = PBXBuildFile; fileRef = 5485F38B2661F9F800AD4E26 /* FeedLoder.swift */; };
		5485F3922661FA1700AD4E26 /* RemoteFeedLoaderTests.swift in Sources */ = {isa = PBXBuildFile; fileRef = 5485F3912661FA1700AD4E26 /* RemoteFeedLoaderTests.swift */; };
		5485F3A326620FA600AD4E26 /* RemoteFeedLoader.swift in Sources */ = {isa = PBXBuildFile; fileRef = 5485F3A226620FA600AD4E26 /* RemoteFeedLoader.swift */; };
		5485F3D62663B62000AD4E26 /* HTTPClient.swift in Sources */ = {isa = PBXBuildFile; fileRef = 5485F3D52663B62000AD4E26 /* HTTPClient.swift */; };
		5485F3DA2663B69500AD4E26 /* FeedItemsMapper.swift in Sources */ = {isa = PBXBuildFile; fileRef = 5485F3D92663B69500AD4E26 /* FeedItemsMapper.swift */; };
		5494D7BB267481A800F39E78 /* EssentialFeedAPIEndToEndTests.swift in Sources */ = {isa = PBXBuildFile; fileRef = 5494D7BA267481A800F39E78 /* EssentialFeedAPIEndToEndTests.swift */; };
		54ADCB662680D52000C560FE /* FeedStore.swift in Sources */ = {isa = PBXBuildFile; fileRef = 540D82DC267EEA57005C9BB1 /* FeedStore.swift */; };
		54ADCB712688859500C560FE /* ValidateFeedCacheUseCaseTests.swift in Sources */ = {isa = PBXBuildFile; fileRef = 54ADCB702688859500C560FE /* ValidateFeedCacheUseCaseTests.swift */; };
		54ADCB7626888C8E00C560FE /* FeedCacheTestHelper.swift in Sources */ = {isa = PBXBuildFile; fileRef = 54ADCB7526888C8E00C560FE /* FeedCacheTestHelper.swift */; };
		54ADCB7B26888DCF00C560FE /* SharedTestHelper.swift in Sources */ = {isa = PBXBuildFile; fileRef = 54ADCB7A26888DCF00C560FE /* SharedTestHelper.swift */; };
		54B20E3A2669FFD7003E5F0F /* URLSessionHTTPClientTests.swift in Sources */ = {isa = PBXBuildFile; fileRef = 54B20E392669FFD7003E5F0F /* URLSessionHTTPClientTests.swift */; };
		54B3AB65269B2E38007EC7CF /* FeedStore.xcdatamodeld in Sources */ = {isa = PBXBuildFile; fileRef = 54B3AB63269B2E38007EC7CF /* FeedStore.xcdatamodeld */; };
		54B3AB72269B3174007EC7CF /* CoreDataFeedStore.swift in Sources */ = {isa = PBXBuildFile; fileRef = 54B3AB71269B3174007EC7CF /* CoreDataFeedStore.swift */; };
		54FF5AF0267F8467003C6587 /* FeedStoreSpy.swift in Sources */ = {isa = PBXBuildFile; fileRef = 54FF5AEF267F8467003C6587 /* FeedStoreSpy.swift */; };
/* End PBXBuildFile section */

/* Begin PBXContainerItemProxy section */
		5485F3552661F82800AD4E26 /* PBXContainerItemProxy */ = {
			isa = PBXContainerItemProxy;
			containerPortal = 5485F3362661F82600AD4E26 /* Project object */;
			proxyType = 1;
			remoteGlobalIDString = 5485F33D2661F82600AD4E26;
			remoteInfo = EssentialFeed;
		};
		5494D7BD267481A800F39E78 /* PBXContainerItemProxy */ = {
			isa = PBXContainerItemProxy;
			containerPortal = 5485F3362661F82600AD4E26 /* Project object */;
			proxyType = 1;
			remoteGlobalIDString = 5485F33D2661F82600AD4E26;
			remoteInfo = EssentialFeed;
		};
/* End PBXContainerItemProxy section */

/* Begin PBXFileReference section */
		540246AB269AFCD900482F11 /* CoreDataFeedStoreTests.swift */ = {isa = PBXFileReference; lastKnownFileType = sourcecode.swift; path = CoreDataFeedStoreTests.swift; sourceTree = "<group>"; };
		540D826E267B928D005C9BB1 /* CacheFeedUseCaseTests.swift */ = {isa = PBXFileReference; lastKnownFileType = sourcecode.swift; path = CacheFeedUseCaseTests.swift; sourceTree = "<group>"; };
		540D82D4267EE99B005C9BB1 /* LocalFeedLoader.swift */ = {isa = PBXFileReference; lastKnownFileType = sourcecode.swift; path = LocalFeedLoader.swift; sourceTree = "<group>"; };
		540D82DC267EEA57005C9BB1 /* FeedStore.swift */ = {isa = PBXFileReference; lastKnownFileType = sourcecode.swift; path = FeedStore.swift; sourceTree = "<group>"; };
		540D82E4267F2F61005C9BB1 /* RemoteFeedItem.swift */ = {isa = PBXFileReference; lastKnownFileType = sourcecode.swift; path = RemoteFeedItem.swift; sourceTree = "<group>"; };
		540D82EA267F2FB5005C9BB1 /* LocalFeedImage.swift */ = {isa = PBXFileReference; lastKnownFileType = sourcecode.swift; path = LocalFeedImage.swift; sourceTree = "<group>"; };
		540D831D267F7B0C005C9BB1 /* LoadFeedFromCacheUseCaseTests.swift */ = {isa = PBXFileReference; lastKnownFileType = sourcecode.swift; path = LoadFeedFromCacheUseCaseTests.swift; sourceTree = "<group>"; };
		54295DE6266D2CF6004A5A76 /* URLSessionHTTPClient.swift */ = {isa = PBXFileReference; lastKnownFileType = sourcecode.swift; path = URLSessionHTTPClient.swift; sourceTree = "<group>"; };
		5436307C266C94620003656E /* XCTestCase+MemoryLeakTracking.swift */ = {isa = PBXFileReference; lastKnownFileType = sourcecode.swift; path = "XCTestCase+MemoryLeakTracking.swift"; sourceTree = "<group>"; };
		546D062C268E1080005E83EB /* FeedCachePolicy.swift */ = {isa = PBXFileReference; lastKnownFileType = sourcecode.swift; path = FeedCachePolicy.swift; sourceTree = "<group>"; };
		546D063726904540005E83EB /* CodableFeedStoreTests.swift */ = {isa = PBXFileReference; lastKnownFileType = sourcecode.swift; path = CodableFeedStoreTests.swift; sourceTree = "<group>"; };
		546D064B26915535005E83EB /* CodableFeedStore.swift */ = {isa = PBXFileReference; lastKnownFileType = sourcecode.swift; path = CodableFeedStore.swift; sourceTree = "<group>"; };
		546D065026917D9A005E83EB /* FeedStoreSpecs.swift */ = {isa = PBXFileReference; lastKnownFileType = sourcecode.swift; path = FeedStoreSpecs.swift; sourceTree = "<group>"; };
		546D065526917E56005E83EB /* XCTestCase+FeedStoreSpecs.swift */ = {isa = PBXFileReference; lastKnownFileType = sourcecode.swift; path = "XCTestCase+FeedStoreSpecs.swift"; sourceTree = "<group>"; };
		5485F33E2661F82600AD4E26 /* EssentialFeed.app */ = {isa = PBXFileReference; explicitFileType = wrapper.application; includeInIndex = 0; path = EssentialFeed.app; sourceTree = BUILT_PRODUCTS_DIR; };
		5485F3412661F82600AD4E26 /* AppDelegate.swift */ = {isa = PBXFileReference; lastKnownFileType = sourcecode.swift; path = AppDelegate.swift; sourceTree = "<group>"; };
		5485F3432661F82600AD4E26 /* SceneDelegate.swift */ = {isa = PBXFileReference; lastKnownFileType = sourcecode.swift; path = SceneDelegate.swift; sourceTree = "<group>"; };
		5485F3452661F82600AD4E26 /* ViewController.swift */ = {isa = PBXFileReference; lastKnownFileType = sourcecode.swift; path = ViewController.swift; sourceTree = "<group>"; };
		5485F3482661F82700AD4E26 /* Base */ = {isa = PBXFileReference; lastKnownFileType = file.storyboard; name = Base; path = Base.lproj/Main.storyboard; sourceTree = "<group>"; };
		5485F34A2661F82700AD4E26 /* Assets.xcassets */ = {isa = PBXFileReference; lastKnownFileType = folder.assetcatalog; path = Assets.xcassets; sourceTree = "<group>"; };
		5485F34D2661F82700AD4E26 /* Base */ = {isa = PBXFileReference; lastKnownFileType = file.storyboard; name = Base; path = Base.lproj/LaunchScreen.storyboard; sourceTree = "<group>"; };
		5485F34F2661F82700AD4E26 /* Info.plist */ = {isa = PBXFileReference; lastKnownFileType = text.plist.xml; path = Info.plist; sourceTree = "<group>"; };
		5485F3542661F82800AD4E26 /* EssentialFeedTests.xctest */ = {isa = PBXFileReference; explicitFileType = wrapper.cfbundle; includeInIndex = 0; path = EssentialFeedTests.xctest; sourceTree = BUILT_PRODUCTS_DIR; };
		5485F35A2661F82800AD4E26 /* Info.plist */ = {isa = PBXFileReference; lastKnownFileType = text.plist.xml; path = Info.plist; sourceTree = "<group>"; };
		5485F38A2661F9F800AD4E26 /* FeedImage.swift */ = {isa = PBXFileReference; fileEncoding = 4; lastKnownFileType = sourcecode.swift; path = FeedImage.swift; sourceTree = "<group>"; };
		5485F38B2661F9F800AD4E26 /* FeedLoder.swift */ = {isa = PBXFileReference; fileEncoding = 4; lastKnownFileType = sourcecode.swift; path = FeedLoder.swift; sourceTree = "<group>"; };
		5485F3912661FA1700AD4E26 /* RemoteFeedLoaderTests.swift */ = {isa = PBXFileReference; lastKnownFileType = sourcecode.swift; path = RemoteFeedLoaderTests.swift; sourceTree = "<group>"; };
		5485F3A226620FA600AD4E26 /* RemoteFeedLoader.swift */ = {isa = PBXFileReference; lastKnownFileType = sourcecode.swift; path = RemoteFeedLoader.swift; sourceTree = "<group>"; };
		5485F3D52663B62000AD4E26 /* HTTPClient.swift */ = {isa = PBXFileReference; lastKnownFileType = sourcecode.swift; path = HTTPClient.swift; sourceTree = "<group>"; };
		5485F3D92663B69500AD4E26 /* FeedItemsMapper.swift */ = {isa = PBXFileReference; lastKnownFileType = sourcecode.swift; path = FeedItemsMapper.swift; sourceTree = "<group>"; };
		5494D7B8267481A800F39E78 /* EssentialFeedAPIEndToEndTests.xctest */ = {isa = PBXFileReference; explicitFileType = wrapper.cfbundle; includeInIndex = 0; path = EssentialFeedAPIEndToEndTests.xctest; sourceTree = BUILT_PRODUCTS_DIR; };
		5494D7BA267481A800F39E78 /* EssentialFeedAPIEndToEndTests.swift */ = {isa = PBXFileReference; lastKnownFileType = sourcecode.swift; path = EssentialFeedAPIEndToEndTests.swift; sourceTree = "<group>"; };
		5494D7BC267481A800F39E78 /* Info.plist */ = {isa = PBXFileReference; lastKnownFileType = text.plist.xml; path = Info.plist; sourceTree = "<group>"; };
		54ADCB702688859500C560FE /* ValidateFeedCacheUseCaseTests.swift */ = {isa = PBXFileReference; lastKnownFileType = sourcecode.swift; path = ValidateFeedCacheUseCaseTests.swift; sourceTree = "<group>"; };
		54ADCB7526888C8E00C560FE /* FeedCacheTestHelper.swift */ = {isa = PBXFileReference; lastKnownFileType = sourcecode.swift; path = FeedCacheTestHelper.swift; sourceTree = "<group>"; };
		54ADCB7A26888DCF00C560FE /* SharedTestHelper.swift */ = {isa = PBXFileReference; lastKnownFileType = sourcecode.swift; path = SharedTestHelper.swift; sourceTree = "<group>"; };
		54B20E392669FFD7003E5F0F /* URLSessionHTTPClientTests.swift */ = {isa = PBXFileReference; lastKnownFileType = sourcecode.swift; path = URLSessionHTTPClientTests.swift; sourceTree = "<group>"; };
		54B3AB64269B2E38007EC7CF /* FeedStore.xcdatamodel */ = {isa = PBXFileReference; lastKnownFileType = wrapper.xcdatamodel; path = FeedStore.xcdatamodel; sourceTree = "<group>"; };
		54B3AB71269B3174007EC7CF /* CoreDataFeedStore.swift */ = {isa = PBXFileReference; lastKnownFileType = sourcecode.swift; path = CoreDataFeedStore.swift; sourceTree = "<group>"; };
		54FF5AEF267F8467003C6587 /* FeedStoreSpy.swift */ = {isa = PBXFileReference; lastKnownFileType = sourcecode.swift; path = FeedStoreSpy.swift; sourceTree = "<group>"; };
/* End PBXFileReference section */

/* Begin PBXFrameworksBuildPhase section */
		5485F33B2661F82600AD4E26 /* Frameworks */ = {
			isa = PBXFrameworksBuildPhase;
			buildActionMask = 2147483647;
			files = (
			);
			runOnlyForDeploymentPostprocessing = 0;
		};
		5485F3512661F82800AD4E26 /* Frameworks */ = {
			isa = PBXFrameworksBuildPhase;
			buildActionMask = 2147483647;
			files = (
			);
			runOnlyForDeploymentPostprocessing = 0;
		};
		5494D7B5267481A800F39E78 /* Frameworks */ = {
			isa = PBXFrameworksBuildPhase;
			buildActionMask = 2147483647;
			files = (
			);
			runOnlyForDeploymentPostprocessing = 0;
		};
/* End PBXFrameworksBuildPhase section */

/* Begin PBXGroup section */
		540D826D267B925E005C9BB1 /* Feed Cache */ = {
			isa = PBXGroup;
			children = (
				54FF5AEE267F8449003C6587 /* Helpers */,
				540D831D267F7B0C005C9BB1 /* LoadFeedFromCacheUseCaseTests.swift */,
				54ADCB702688859500C560FE /* ValidateFeedCacheUseCaseTests.swift */,
				540D826E267B928D005C9BB1 /* CacheFeedUseCaseTests.swift */,
				546D063726904540005E83EB /* CodableFeedStoreTests.swift */,
				540246AB269AFCD900482F11 /* CoreDataFeedStoreTests.swift */,
				546D065026917D9A005E83EB /* FeedStoreSpecs.swift */,
				546D065526917E56005E83EB /* XCTestCase+FeedStoreSpecs.swift */,
			);
			path = "Feed Cache";
			sourceTree = "<group>";
		};
		540D82D2267EE902005C9BB1 /* Feed Cache */ = {
			isa = PBXGroup;
			children = (
				54B3AB62269B2E1A007EC7CF /* CoreData */,
				540D82D4267EE99B005C9BB1 /* LocalFeedLoader.swift */,
				540D82DC267EEA57005C9BB1 /* FeedStore.swift */,
				540D82EA267F2FB5005C9BB1 /* LocalFeedImage.swift */,
				546D062C268E1080005E83EB /* FeedCachePolicy.swift */,
				546D064B26915535005E83EB /* CodableFeedStore.swift */,
			);
			path = "Feed Cache";
			sourceTree = "<group>";
		};
		5436307B266C942D0003656E /* Helpers */ = {
			isa = PBXGroup;
			children = (
				5436307C266C94620003656E /* XCTestCase+MemoryLeakTracking.swift */,
				54ADCB7A26888DCF00C560FE /* SharedTestHelper.swift */,
			);
			path = Helpers;
			sourceTree = "<group>";
		};
		5485F3352661F82600AD4E26 = {
			isa = PBXGroup;
			children = (
				5485F3402661F82600AD4E26 /* EssentialFeed */,
				5485F3572661F82800AD4E26 /* EssentialFeedTests */,
				5494D7B9267481A800F39E78 /* EssentialFeedAPIEndToEndTests */,
				5485F33F2661F82600AD4E26 /* Products */,
			);
			sourceTree = "<group>";
		};
		5485F33F2661F82600AD4E26 /* Products */ = {
			isa = PBXGroup;
			children = (
				5485F33E2661F82600AD4E26 /* EssentialFeed.app */,
				5485F3542661F82800AD4E26 /* EssentialFeedTests.xctest */,
				5494D7B8267481A800F39E78 /* EssentialFeedAPIEndToEndTests.xctest */,
			);
			name = Products;
			sourceTree = "<group>";
		};
		5485F3402661F82600AD4E26 /* EssentialFeed */ = {
			isa = PBXGroup;
			children = (
				5485F3412661F82600AD4E26 /* AppDelegate.swift */,
				5485F3432661F82600AD4E26 /* SceneDelegate.swift */,
				540D82D2267EE902005C9BB1 /* Feed Cache */,
				5485F3A126620F8C00AD4E26 /* Feed API */,
				5485F3892661F9F800AD4E26 /* Feed Feature */,
				5485F3452661F82600AD4E26 /* ViewController.swift */,
				5485F3472661F82600AD4E26 /* Main.storyboard */,
				5485F34A2661F82700AD4E26 /* Assets.xcassets */,
				5485F34C2661F82700AD4E26 /* LaunchScreen.storyboard */,
				5485F34F2661F82700AD4E26 /* Info.plist */,
			);
			path = EssentialFeed;
			sourceTree = "<group>";
		};
		5485F3572661F82800AD4E26 /* EssentialFeedTests */ = {
			isa = PBXGroup;
			children = (
				5485F35A2661F82800AD4E26 /* Info.plist */,
				5436307B266C942D0003656E /* Helpers */,
				540D826D267B925E005C9BB1 /* Feed Cache */,
				5485F3DF2663C1C900AD4E26 /* Feed API */,
			);
			path = EssentialFeedTests;
			sourceTree = "<group>";
		};
		5485F3892661F9F800AD4E26 /* Feed Feature */ = {
			isa = PBXGroup;
			children = (
				5485F38A2661F9F800AD4E26 /* FeedImage.swift */,
				5485F38B2661F9F800AD4E26 /* FeedLoder.swift */,
			);
			path = "Feed Feature";
			sourceTree = "<group>";
		};
		5485F3A126620F8C00AD4E26 /* Feed API */ = {
			isa = PBXGroup;
			children = (
				5485F3A226620FA600AD4E26 /* RemoteFeedLoader.swift */,
				5485F3D92663B69500AD4E26 /* FeedItemsMapper.swift */,
				540D82E4267F2F61005C9BB1 /* RemoteFeedItem.swift */,
				5485F3D52663B62000AD4E26 /* HTTPClient.swift */,
				54295DE6266D2CF6004A5A76 /* URLSessionHTTPClient.swift */,
			);
			path = "Feed API";
			sourceTree = "<group>";
		};
		5485F3DF2663C1C900AD4E26 /* Feed API */ = {
			isa = PBXGroup;
			children = (
				5485F3912661FA1700AD4E26 /* RemoteFeedLoaderTests.swift */,
				54B20E392669FFD7003E5F0F /* URLSessionHTTPClientTests.swift */,
			);
			path = "Feed API";
			sourceTree = "<group>";
		};
		5494D7B9267481A800F39E78 /* EssentialFeedAPIEndToEndTests */ = {
			isa = PBXGroup;
			children = (
				5494D7BA267481A800F39E78 /* EssentialFeedAPIEndToEndTests.swift */,
				5494D7BC267481A800F39E78 /* Info.plist */,
			);
			path = EssentialFeedAPIEndToEndTests;
			sourceTree = "<group>";
		};
		54B3AB62269B2E1A007EC7CF /* CoreData */ = {
			isa = PBXGroup;
			children = (
				54B3AB63269B2E38007EC7CF /* FeedStore.xcdatamodeld */,
				54B3AB71269B3174007EC7CF /* CoreDataFeedStore.swift */,
			);
			path = CoreData;
			sourceTree = "<group>";
		};
		54FF5AEE267F8449003C6587 /* Helpers */ = {
			isa = PBXGroup;
			children = (
				54FF5AEF267F8467003C6587 /* FeedStoreSpy.swift */,
				54ADCB7526888C8E00C560FE /* FeedCacheTestHelper.swift */,
			);
			path = Helpers;
			sourceTree = "<group>";
		};
/* End PBXGroup section */

/* Begin PBXNativeTarget section */
		5485F33D2661F82600AD4E26 /* EssentialFeed */ = {
			isa = PBXNativeTarget;
			buildConfigurationList = 5485F3682661F82800AD4E26 /* Build configuration list for PBXNativeTarget "EssentialFeed" */;
			buildPhases = (
				5485F33A2661F82600AD4E26 /* Sources */,
				5485F33B2661F82600AD4E26 /* Frameworks */,
				5485F33C2661F82600AD4E26 /* Resources */,
			);
			buildRules = (
			);
			dependencies = (
			);
			name = EssentialFeed;
			productName = EssentialFeed;
			productReference = 5485F33E2661F82600AD4E26 /* EssentialFeed.app */;
			productType = "com.apple.product-type.application";
		};
		5485F3532661F82800AD4E26 /* EssentialFeedTests */ = {
			isa = PBXNativeTarget;
			buildConfigurationList = 5485F36B2661F82800AD4E26 /* Build configuration list for PBXNativeTarget "EssentialFeedTests" */;
			buildPhases = (
				5485F3502661F82800AD4E26 /* Sources */,
				5485F3512661F82800AD4E26 /* Frameworks */,
				5485F3522661F82800AD4E26 /* Resources */,
			);
			buildRules = (
			);
			dependencies = (
				5485F3562661F82800AD4E26 /* PBXTargetDependency */,
			);
			name = EssentialFeedTests;
			productName = EssentialFeedTests;
			productReference = 5485F3542661F82800AD4E26 /* EssentialFeedTests.xctest */;
			productType = "com.apple.product-type.bundle.unit-test";
		};
		5494D7B7267481A800F39E78 /* EssentialFeedAPIEndToEndTests */ = {
			isa = PBXNativeTarget;
			buildConfigurationList = 5494D7BF267481A800F39E78 /* Build configuration list for PBXNativeTarget "EssentialFeedAPIEndToEndTests" */;
			buildPhases = (
				5494D7B4267481A800F39E78 /* Sources */,
				5494D7B5267481A800F39E78 /* Frameworks */,
				5494D7B6267481A800F39E78 /* Resources */,
			);
			buildRules = (
			);
			dependencies = (
				5494D7BE267481A800F39E78 /* PBXTargetDependency */,
			);
			name = EssentialFeedAPIEndToEndTests;
			productName = EssentialFeedAPIEndToEndTests;
			productReference = 5494D7B8267481A800F39E78 /* EssentialFeedAPIEndToEndTests.xctest */;
			productType = "com.apple.product-type.bundle.unit-test";
		};
/* End PBXNativeTarget section */

/* Begin PBXProject section */
		5485F3362661F82600AD4E26 /* Project object */ = {
			isa = PBXProject;
			attributes = {
				LastSwiftUpdateCheck = 1240;
				LastUpgradeCheck = 1240;
				TargetAttributes = {
					5485F33D2661F82600AD4E26 = {
						CreatedOnToolsVersion = 12.4;
					};
					5485F3532661F82800AD4E26 = {
						CreatedOnToolsVersion = 12.4;
						TestTargetID = 5485F33D2661F82600AD4E26;
					};
					5494D7B7267481A800F39E78 = {
						CreatedOnToolsVersion = 12.4;
						TestTargetID = 5485F33D2661F82600AD4E26;
					};
				};
			};
			buildConfigurationList = 5485F3392661F82600AD4E26 /* Build configuration list for PBXProject "EssentialFeed" */;
			compatibilityVersion = "Xcode 9.3";
			developmentRegion = en;
			hasScannedForEncodings = 0;
			knownRegions = (
				en,
				Base,
			);
			mainGroup = 5485F3352661F82600AD4E26;
			productRefGroup = 5485F33F2661F82600AD4E26 /* Products */;
			projectDirPath = "";
			projectRoot = "";
			targets = (
				5485F33D2661F82600AD4E26 /* EssentialFeed */,
				5485F3532661F82800AD4E26 /* EssentialFeedTests */,
				5494D7B7267481A800F39E78 /* EssentialFeedAPIEndToEndTests */,
			);
		};
/* End PBXProject section */

/* Begin PBXResourcesBuildPhase section */
		5485F33C2661F82600AD4E26 /* Resources */ = {
			isa = PBXResourcesBuildPhase;
			buildActionMask = 2147483647;
			files = (
				5485F34E2661F82700AD4E26 /* LaunchScreen.storyboard in Resources */,
				5485F34B2661F82700AD4E26 /* Assets.xcassets in Resources */,
				5485F3492661F82700AD4E26 /* Main.storyboard in Resources */,
			);
			runOnlyForDeploymentPostprocessing = 0;
		};
		5485F3522661F82800AD4E26 /* Resources */ = {
			isa = PBXResourcesBuildPhase;
			buildActionMask = 2147483647;
			files = (
			);
			runOnlyForDeploymentPostprocessing = 0;
		};
		5494D7B6267481A800F39E78 /* Resources */ = {
			isa = PBXResourcesBuildPhase;
			buildActionMask = 2147483647;
			files = (
			);
			runOnlyForDeploymentPostprocessing = 0;
		};
/* End PBXResourcesBuildPhase section */

/* Begin PBXSourcesBuildPhase section */
		5485F33A2661F82600AD4E26 /* Sources */ = {
			isa = PBXSourcesBuildPhase;
			buildActionMask = 2147483647;
			files = (
				540D8305267F30B8005C9BB1 /* LocalFeedImage.swift in Sources */,
				540D82E5267F2F61005C9BB1 /* RemoteFeedItem.swift in Sources */,
				54B3AB72269B3174007EC7CF /* CoreDataFeedStore.swift in Sources */,
				546D062D268E1080005E83EB /* FeedCachePolicy.swift in Sources */,
				54ADCB662680D52000C560FE /* FeedStore.swift in Sources */,
				5485F3462661F82600AD4E26 /* ViewController.swift in Sources */,
				546D064C26915535005E83EB /* CodableFeedStore.swift in Sources */,
				5485F3422661F82600AD4E26 /* AppDelegate.swift in Sources */,
				5485F3DA2663B69500AD4E26 /* FeedItemsMapper.swift in Sources */,
				540D82D5267EE99B005C9BB1 /* LocalFeedLoader.swift in Sources */,
				5485F3D62663B62000AD4E26 /* HTTPClient.swift in Sources */,
				5485F3442661F82600AD4E26 /* SceneDelegate.swift in Sources */,
				540D8319267F3158005C9BB1 /* FeedImage.swift in Sources */,
				5485F3A326620FA600AD4E26 /* RemoteFeedLoader.swift in Sources */,
				5485F38D2661F9F800AD4E26 /* FeedLoder.swift in Sources */,
				54295DE7266D2CF6004A5A76 /* URLSessionHTTPClient.swift in Sources */,
				54B3AB65269B2E38007EC7CF /* FeedStore.xcdatamodeld in Sources */,
			);
			runOnlyForDeploymentPostprocessing = 0;
		};
		5485F3502661F82800AD4E26 /* Sources */ = {
			isa = PBXSourcesBuildPhase;
			buildActionMask = 2147483647;
			files = (
				546D063826904540005E83EB /* CodableFeedStoreTests.swift in Sources */,
				540246AC269AFCD900482F11 /* CoreDataFeedStoreTests.swift in Sources */,
				54ADCB712688859500C560FE /* ValidateFeedCacheUseCaseTests.swift in Sources */,
				5485F3922661FA1700AD4E26 /* RemoteFeedLoaderTests.swift in Sources */,
				54ADCB7B26888DCF00C560FE /* SharedTestHelper.swift in Sources */,
				54B20E3A2669FFD7003E5F0F /* URLSessionHTTPClientTests.swift in Sources */,
				54FF5AF0267F8467003C6587 /* FeedStoreSpy.swift in Sources */,
				54ADCB7626888C8E00C560FE /* FeedCacheTestHelper.swift in Sources */,
				540D826F267B928D005C9BB1 /* CacheFeedUseCaseTests.swift in Sources */,
				540D8347267F7D7F005C9BB1 /* LoadFeedFromCacheUseCaseTests.swift in Sources */,
				546D065126917D9A005E83EB /* FeedStoreSpecs.swift in Sources */,
				540D8339267F7D51005C9BB1 /* XCTestCase+MemoryLeakTracking.swift in Sources */,
				546D065626917E56005E83EB /* XCTestCase+FeedStoreSpecs.swift in Sources */,
			);
			runOnlyForDeploymentPostprocessing = 0;
		};
		5494D7B4267481A800F39E78 /* Sources */ = {
			isa = PBXSourcesBuildPhase;
			buildActionMask = 2147483647;
			files = (
				5494D7BB267481A800F39E78 /* EssentialFeedAPIEndToEndTests.swift in Sources */,
				540D833D267F7D51005C9BB1 /* XCTestCase+MemoryLeakTracking.swift in Sources */,
			);
			runOnlyForDeploymentPostprocessing = 0;
		};
/* End PBXSourcesBuildPhase section */

/* Begin PBXTargetDependency section */
		5485F3562661F82800AD4E26 /* PBXTargetDependency */ = {
			isa = PBXTargetDependency;
			target = 5485F33D2661F82600AD4E26 /* EssentialFeed */;
			targetProxy = 5485F3552661F82800AD4E26 /* PBXContainerItemProxy */;
		};
		5494D7BE267481A800F39E78 /* PBXTargetDependency */ = {
			isa = PBXTargetDependency;
			target = 5485F33D2661F82600AD4E26 /* EssentialFeed */;
			targetProxy = 5494D7BD267481A800F39E78 /* PBXContainerItemProxy */;
		};
/* End PBXTargetDependency section */

/* Begin PBXVariantGroup section */
		5485F3472661F82600AD4E26 /* Main.storyboard */ = {
			isa = PBXVariantGroup;
			children = (
				5485F3482661F82700AD4E26 /* Base */,
			);
			name = Main.storyboard;
			sourceTree = "<group>";
		};
		5485F34C2661F82700AD4E26 /* LaunchScreen.storyboard */ = {
			isa = PBXVariantGroup;
			children = (
				5485F34D2661F82700AD4E26 /* Base */,
			);
			name = LaunchScreen.storyboard;
			sourceTree = "<group>";
		};
/* End PBXVariantGroup section */

/* Begin XCBuildConfiguration section */
		5485F3662661F82800AD4E26 /* Debug */ = {
			isa = XCBuildConfiguration;
			buildSettings = {
				ALWAYS_SEARCH_USER_PATHS = NO;
				CLANG_ANALYZER_NONNULL = YES;
				CLANG_ANALYZER_NUMBER_OBJECT_CONVERSION = YES_AGGRESSIVE;
				CLANG_CXX_LANGUAGE_STANDARD = "gnu++14";
				CLANG_CXX_LIBRARY = "libc++";
				CLANG_ENABLE_MODULES = YES;
				CLANG_ENABLE_OBJC_ARC = YES;
				CLANG_ENABLE_OBJC_WEAK = YES;
				CLANG_WARN_BLOCK_CAPTURE_AUTORELEASING = YES;
				CLANG_WARN_BOOL_CONVERSION = YES;
				CLANG_WARN_COMMA = YES;
				CLANG_WARN_CONSTANT_CONVERSION = YES;
				CLANG_WARN_DEPRECATED_OBJC_IMPLEMENTATIONS = YES;
				CLANG_WARN_DIRECT_OBJC_ISA_USAGE = YES_ERROR;
				CLANG_WARN_DOCUMENTATION_COMMENTS = YES;
				CLANG_WARN_EMPTY_BODY = YES;
				CLANG_WARN_ENUM_CONVERSION = YES;
				CLANG_WARN_INFINITE_RECURSION = YES;
				CLANG_WARN_INT_CONVERSION = YES;
				CLANG_WARN_NON_LITERAL_NULL_CONVERSION = YES;
				CLANG_WARN_OBJC_IMPLICIT_RETAIN_SELF = YES;
				CLANG_WARN_OBJC_LITERAL_CONVERSION = YES;
				CLANG_WARN_OBJC_ROOT_CLASS = YES_ERROR;
				CLANG_WARN_QUOTED_INCLUDE_IN_FRAMEWORK_HEADER = YES;
				CLANG_WARN_RANGE_LOOP_ANALYSIS = YES;
				CLANG_WARN_STRICT_PROTOTYPES = YES;
				CLANG_WARN_SUSPICIOUS_MOVE = YES;
				CLANG_WARN_UNGUARDED_AVAILABILITY = YES_AGGRESSIVE;
				CLANG_WARN_UNREACHABLE_CODE = YES;
				CLANG_WARN__DUPLICATE_METHOD_MATCH = YES;
				COPY_PHASE_STRIP = NO;
				DEBUG_INFORMATION_FORMAT = dwarf;
				ENABLE_STRICT_OBJC_MSGSEND = YES;
				ENABLE_TESTABILITY = YES;
				GCC_C_LANGUAGE_STANDARD = gnu11;
				GCC_DYNAMIC_NO_PIC = NO;
				GCC_NO_COMMON_BLOCKS = YES;
				GCC_OPTIMIZATION_LEVEL = 0;
				GCC_PREPROCESSOR_DEFINITIONS = (
					"DEBUG=1",
					"$(inherited)",
				);
				GCC_WARN_64_TO_32_BIT_CONVERSION = YES;
				GCC_WARN_ABOUT_RETURN_TYPE = YES_ERROR;
				GCC_WARN_UNDECLARED_SELECTOR = YES;
				GCC_WARN_UNINITIALIZED_AUTOS = YES_AGGRESSIVE;
				GCC_WARN_UNUSED_FUNCTION = YES;
				GCC_WARN_UNUSED_VARIABLE = YES;
				IPHONEOS_DEPLOYMENT_TARGET = 14.4;
				MTL_ENABLE_DEBUG_INFO = INCLUDE_SOURCE;
				MTL_FAST_MATH = YES;
				ONLY_ACTIVE_ARCH = YES;
				SDKROOT = iphoneos;
				SWIFT_ACTIVE_COMPILATION_CONDITIONS = DEBUG;
				SWIFT_OPTIMIZATION_LEVEL = "-Onone";
			};
			name = Debug;
		};
		5485F3672661F82800AD4E26 /* Release */ = {
			isa = XCBuildConfiguration;
			buildSettings = {
				ALWAYS_SEARCH_USER_PATHS = NO;
				CLANG_ANALYZER_NONNULL = YES;
				CLANG_ANALYZER_NUMBER_OBJECT_CONVERSION = YES_AGGRESSIVE;
				CLANG_CXX_LANGUAGE_STANDARD = "gnu++14";
				CLANG_CXX_LIBRARY = "libc++";
				CLANG_ENABLE_MODULES = YES;
				CLANG_ENABLE_OBJC_ARC = YES;
				CLANG_ENABLE_OBJC_WEAK = YES;
				CLANG_WARN_BLOCK_CAPTURE_AUTORELEASING = YES;
				CLANG_WARN_BOOL_CONVERSION = YES;
				CLANG_WARN_COMMA = YES;
				CLANG_WARN_CONSTANT_CONVERSION = YES;
				CLANG_WARN_DEPRECATED_OBJC_IMPLEMENTATIONS = YES;
				CLANG_WARN_DIRECT_OBJC_ISA_USAGE = YES_ERROR;
				CLANG_WARN_DOCUMENTATION_COMMENTS = YES;
				CLANG_WARN_EMPTY_BODY = YES;
				CLANG_WARN_ENUM_CONVERSION = YES;
				CLANG_WARN_INFINITE_RECURSION = YES;
				CLANG_WARN_INT_CONVERSION = YES;
				CLANG_WARN_NON_LITERAL_NULL_CONVERSION = YES;
				CLANG_WARN_OBJC_IMPLICIT_RETAIN_SELF = YES;
				CLANG_WARN_OBJC_LITERAL_CONVERSION = YES;
				CLANG_WARN_OBJC_ROOT_CLASS = YES_ERROR;
				CLANG_WARN_QUOTED_INCLUDE_IN_FRAMEWORK_HEADER = YES;
				CLANG_WARN_RANGE_LOOP_ANALYSIS = YES;
				CLANG_WARN_STRICT_PROTOTYPES = YES;
				CLANG_WARN_SUSPICIOUS_MOVE = YES;
				CLANG_WARN_UNGUARDED_AVAILABILITY = YES_AGGRESSIVE;
				CLANG_WARN_UNREACHABLE_CODE = YES;
				CLANG_WARN__DUPLICATE_METHOD_MATCH = YES;
				COPY_PHASE_STRIP = NO;
				DEBUG_INFORMATION_FORMAT = "dwarf-with-dsym";
				ENABLE_NS_ASSERTIONS = NO;
				ENABLE_STRICT_OBJC_MSGSEND = YES;
				GCC_C_LANGUAGE_STANDARD = gnu11;
				GCC_NO_COMMON_BLOCKS = YES;
				GCC_WARN_64_TO_32_BIT_CONVERSION = YES;
				GCC_WARN_ABOUT_RETURN_TYPE = YES_ERROR;
				GCC_WARN_UNDECLARED_SELECTOR = YES;
				GCC_WARN_UNINITIALIZED_AUTOS = YES_AGGRESSIVE;
				GCC_WARN_UNUSED_FUNCTION = YES;
				GCC_WARN_UNUSED_VARIABLE = YES;
				IPHONEOS_DEPLOYMENT_TARGET = 14.4;
				MTL_ENABLE_DEBUG_INFO = NO;
				MTL_FAST_MATH = YES;
				SDKROOT = iphoneos;
				SWIFT_COMPILATION_MODE = wholemodule;
				SWIFT_OPTIMIZATION_LEVEL = "-O";
				VALIDATE_PRODUCT = YES;
			};
			name = Release;
		};
		5485F3692661F82800AD4E26 /* Debug */ = {
			isa = XCBuildConfiguration;
			buildSettings = {
				ASSETCATALOG_COMPILER_APPICON_NAME = AppIcon;
				ASSETCATALOG_COMPILER_GLOBAL_ACCENT_COLOR_NAME = AccentColor;
				CODE_SIGN_STYLE = Automatic;
				DEVELOPMENT_TEAM = 244PY8XQKP;
				INFOPLIST_FILE = EssentialFeed/Info.plist;
				LD_RUNPATH_SEARCH_PATHS = (
					"$(inherited)",
					"@executable_path/Frameworks",
				);
				PRODUCT_BUNDLE_IDENTIFIER = com.GordonFeng.EssentialFeed;
				PRODUCT_NAME = "$(TARGET_NAME)";
				SWIFT_VERSION = 5.0;
				TARGETED_DEVICE_FAMILY = "1,2";
			};
			name = Debug;
		};
		5485F36A2661F82800AD4E26 /* Release */ = {
			isa = XCBuildConfiguration;
			buildSettings = {
				ASSETCATALOG_COMPILER_APPICON_NAME = AppIcon;
				ASSETCATALOG_COMPILER_GLOBAL_ACCENT_COLOR_NAME = AccentColor;
				CODE_SIGN_STYLE = Automatic;
				DEVELOPMENT_TEAM = 244PY8XQKP;
				INFOPLIST_FILE = EssentialFeed/Info.plist;
				LD_RUNPATH_SEARCH_PATHS = (
					"$(inherited)",
					"@executable_path/Frameworks",
				);
				PRODUCT_BUNDLE_IDENTIFIER = com.GordonFeng.EssentialFeed;
				PRODUCT_NAME = "$(TARGET_NAME)";
				SWIFT_VERSION = 5.0;
				TARGETED_DEVICE_FAMILY = "1,2";
			};
			name = Release;
		};
		5485F36C2661F82800AD4E26 /* Debug */ = {
			isa = XCBuildConfiguration;
			buildSettings = {
				ALWAYS_EMBED_SWIFT_STANDARD_LIBRARIES = YES;
				BUNDLE_LOADER = "$(TEST_HOST)";
				CODE_SIGN_STYLE = Automatic;
				DEVELOPMENT_TEAM = 244PY8XQKP;
				INFOPLIST_FILE = EssentialFeedTests/Info.plist;
				IPHONEOS_DEPLOYMENT_TARGET = 14.4;
				LD_RUNPATH_SEARCH_PATHS = (
					"$(inherited)",
					"@executable_path/Frameworks",
					"@loader_path/Frameworks",
				);
				PRODUCT_BUNDLE_IDENTIFIER = com.GordonFeng.EssentialFeedTests;
				PRODUCT_NAME = "$(TARGET_NAME)";
				SWIFT_VERSION = 5.0;
				TARGETED_DEVICE_FAMILY = "1,2";
				TEST_HOST = "$(BUILT_PRODUCTS_DIR)/EssentialFeed.app/EssentialFeed";
			};
			name = Debug;
		};
		5485F36D2661F82800AD4E26 /* Release */ = {
			isa = XCBuildConfiguration;
			buildSettings = {
				ALWAYS_EMBED_SWIFT_STANDARD_LIBRARIES = YES;
				BUNDLE_LOADER = "$(TEST_HOST)";
				CODE_SIGN_STYLE = Automatic;
				DEVELOPMENT_TEAM = 244PY8XQKP;
				INFOPLIST_FILE = EssentialFeedTests/Info.plist;
				IPHONEOS_DEPLOYMENT_TARGET = 14.4;
				LD_RUNPATH_SEARCH_PATHS = (
					"$(inherited)",
					"@executable_path/Frameworks",
					"@loader_path/Frameworks",
				);
				PRODUCT_BUNDLE_IDENTIFIER = com.GordonFeng.EssentialFeedTests;
				PRODUCT_NAME = "$(TARGET_NAME)";
				SWIFT_VERSION = 5.0;
				TARGETED_DEVICE_FAMILY = "1,2";
				TEST_HOST = "$(BUILT_PRODUCTS_DIR)/EssentialFeed.app/EssentialFeed";
			};
			name = Release;
		};
		5494D7C0267481A800F39E78 /* Debug */ = {
			isa = XCBuildConfiguration;
			buildSettings = {
				BUNDLE_LOADER = "$(TEST_HOST)";
				CODE_SIGN_STYLE = Automatic;
				DEVELOPMENT_TEAM = 244PY8XQKP;
				INFOPLIST_FILE = EssentialFeedAPIEndToEndTests/Info.plist;
				LD_RUNPATH_SEARCH_PATHS = (
					"$(inherited)",
					"@executable_path/Frameworks",
					"@loader_path/Frameworks",
				);
				PRODUCT_BUNDLE_IDENTIFIER = com.GordonFeng.EssentialFeedAPIEndToEndTests;
				PRODUCT_NAME = "$(TARGET_NAME)";
				SWIFT_VERSION = 5.0;
				TARGETED_DEVICE_FAMILY = "1,2";
				TEST_HOST = "$(BUILT_PRODUCTS_DIR)/EssentialFeed.app/EssentialFeed";
			};
			name = Debug;
		};
		5494D7C1267481A800F39E78 /* Release */ = {
			isa = XCBuildConfiguration;
			buildSettings = {
				BUNDLE_LOADER = "$(TEST_HOST)";
				CODE_SIGN_STYLE = Automatic;
				DEVELOPMENT_TEAM = 244PY8XQKP;
				INFOPLIST_FILE = EssentialFeedAPIEndToEndTests/Info.plist;
				LD_RUNPATH_SEARCH_PATHS = (
					"$(inherited)",
					"@executable_path/Frameworks",
					"@loader_path/Frameworks",
				);
				PRODUCT_BUNDLE_IDENTIFIER = com.GordonFeng.EssentialFeedAPIEndToEndTests;
				PRODUCT_NAME = "$(TARGET_NAME)";
				SWIFT_VERSION = 5.0;
				TARGETED_DEVICE_FAMILY = "1,2";
				TEST_HOST = "$(BUILT_PRODUCTS_DIR)/EssentialFeed.app/EssentialFeed";
			};
			name = Release;
		};
/* End XCBuildConfiguration section */

/* Begin XCConfigurationList section */
		5485F3392661F82600AD4E26 /* Build configuration list for PBXProject "EssentialFeed" */ = {
			isa = XCConfigurationList;
			buildConfigurations = (
				5485F3662661F82800AD4E26 /* Debug */,
				5485F3672661F82800AD4E26 /* Release */,
			);
			defaultConfigurationIsVisible = 0;
			defaultConfigurationName = Release;
		};
		5485F3682661F82800AD4E26 /* Build configuration list for PBXNativeTarget "EssentialFeed" */ = {
			isa = XCConfigurationList;
			buildConfigurations = (
				5485F3692661F82800AD4E26 /* Debug */,
				5485F36A2661F82800AD4E26 /* Release */,
			);
			defaultConfigurationIsVisible = 0;
			defaultConfigurationName = Release;
		};
		5485F36B2661F82800AD4E26 /* Build configuration list for PBXNativeTarget "EssentialFeedTests" */ = {
			isa = XCConfigurationList;
			buildConfigurations = (
				5485F36C2661F82800AD4E26 /* Debug */,
				5485F36D2661F82800AD4E26 /* Release */,
			);
			defaultConfigurationIsVisible = 0;
			defaultConfigurationName = Release;
		};
		5494D7BF267481A800F39E78 /* Build configuration list for PBXNativeTarget "EssentialFeedAPIEndToEndTests" */ = {
			isa = XCConfigurationList;
			buildConfigurations = (
				5494D7C0267481A800F39E78 /* Debug */,
				5494D7C1267481A800F39E78 /* Release */,
			);
			defaultConfigurationIsVisible = 0;
			defaultConfigurationName = Release;
		};
/* End XCConfigurationList section */

/* Begin XCVersionGroup section */
		54B3AB63269B2E38007EC7CF /* FeedStore.xcdatamodeld */ = {
			isa = XCVersionGroup;
			children = (
				54B3AB64269B2E38007EC7CF /* FeedStore.xcdatamodel */,
			);
			currentVersion = 54B3AB64269B2E38007EC7CF /* FeedStore.xcdatamodel */;
			path = FeedStore.xcdatamodeld;
			sourceTree = "<group>";
			versionGroupType = wrapper.xcdatamodel;
		};
/* End XCVersionGroup section */
	};
	rootObject = 5485F3362661F82600AD4E26 /* Project object */;
}
